{
  "version": 4,
  "terraform_version": "1.1.9",
  "serial": 1,
  "lineage": "19f5e0e9-da50-2a1c-620a-7d279ce83392",
  "outputs": {},
  "resources": [
    {
      "mode": "managed",
      "type": "aws_iam_user",
      "name": "bbl",
      "provider": "provider[\"registry.terraform.io/hashicorp/aws\"]",
      "instances": [
        {
          "schema_version": 0,
          "attributes": {
            "arn": "arn:aws:iam::608911059386:user/bbl-user",
            "force_destroy": false,
            "id": "bbl-user",
            "name": "bbl-user",
            "path": "/",
            "permissions_boundary": null,
            "tags": null,
            "tags_all": {},
            "unique_id": "AIDAY3RPNNG5LA6C5I22A"
          },
          "sensitive_attributes": [],
          "private": "bnVsbA=="
        }
      ]
    }
  ]
}
